
Microsoft Visual Studio Solution File, Format Version 12.00
# Visual Studio Version 17
VisualStudioVersion = 17.8.34330.188
MinimumVisualStudioVersion = 10.0.40219.1
Project("{9A19103F-16F7-4668-BE54-9A1E7A4F7556}") = "Pure.Utilities", "src\Pure.Utilities\Pure.Utilities.csproj", "{E3482A21-734D-4435-820C-9AFF261C2E77}"
EndProject
Project("{2150E333-8FDC-42A3-9474-1A3956D46DE8}") = "src", "src", "{C761A5CB-11F8-4F0E-A177-D8742A7689C0}"
EndProject
Project("{9A19103F-16F7-4668-BE54-9A1E7A4F7556}") = "_build", "build\_build.csproj", "{21E83628-BA5F-4B7B-A291-E3DD197EE918}"
EndProject
Project("{2150E333-8FDC-42A3-9474-1A3956D46DE8}") = "test", "test", "{32370AD6-CD53-4C59-BA18-3D34234A71EE}"
EndProject
Project("{9A19103F-16F7-4668-BE54-9A1E7A4F7556}") = "Pure.Utilities.Tests", "test\Pure.Utilities.Tests\Pure.Utilities.Tests.csproj", "{64E0BE85-4B32-4FE0-A0DE-244DE4D6A42E}"
EndProject
Global
	GlobalSection(SolutionConfigurationPlatforms) = preSolution
		Debug|Any CPU = Debug|Any CPU
		Release|Any CPU = Release|Any CPU
	EndGlobalSection
	GlobalSection(ProjectConfigurationPlatforms) = postSolution
		{E3482A21-734D-4435-820C-9AFF261C2E77}.Debug|Any CPU.ActiveCfg = Debug|Any CPU
		{E3482A21-734D-4435-820C-9AFF261C2E77}.Debug|Any CPU.Build.0 = Debug|Any CPU
		{E3482A21-734D-4435-820C-9AFF261C2E77}.Release|Any CPU.ActiveCfg = Release|Any CPU
		{E3482A21-734D-4435-820C-9AFF261C2E77}.Release|Any CPU.Build.0 = Release|Any CPU
		{21E83628-BA5F-4B7B-A291-E3DD197EE918}.Debug|Any CPU.ActiveCfg = Debug|Any CPU
		{21E83628-BA5F-4B7B-A291-E3DD197EE918}.Release|Any CPU.ActiveCfg = Release|Any CPU
		{64E0BE85-4B32-4FE0-A0DE-244DE4D6A42E}.Debug|Any CPU.ActiveCfg = Debug|Any CPU
		{64E0BE85-4B32-4FE0-A0DE-244DE4D6A42E}.Debug|Any CPU.Build.0 = Debug|Any CPU
		{64E0BE85-4B32-4FE0-A0DE-244DE4D6A42E}.Release|Any CPU.ActiveCfg = Release|Any CPU
		{64E0BE85-4B32-4FE0-A0DE-244DE4D6A42E}.Release|Any CPU.Build.0 = Release|Any CPU
	EndGlobalSection
	GlobalSection(SolutionProperties) = preSolution
		HideSolutionNode = FALSE
	EndGlobalSection
	GlobalSection(NestedProjects) = preSolution
		{E3482A21-734D-4435-820C-9AFF261C2E77} = {C761A5CB-11F8-4F0E-A177-D8742A7689C0}
		{64E0BE85-4B32-4FE0-A0DE-244DE4D6A42E} = {32370AD6-CD53-4C59-BA18-3D34234A71EE}
	EndGlobalSection
	GlobalSection(ExtensibilityGlobals) = postSolution
		SolutionGuid = {5CF25715-ABE1-4389-9072-8BDA7CB53541}
	EndGlobalSection
EndGlobal
